{
  "version": 4,
  "terraform_version": "1.13.1",
  "serial": 6,
  "lineage": "40587590-3f5a-7357-6ed6-98d16dc400fb",
  "outputs": {
    "backend_config": {
      "value": {
        "bucket": "ace-tests-back-front-tfstate",
        "dynamodb_table": "ace-tests-back-front-tfstate-locks",
        "encrypt": true,
        "key": "terraform.tfstate",
        "region": "us-east-1"
      },
      "type": [
        "object",
        {
          "bucket": "string",
          "dynamodb_table": "string",
          "encrypt": "bool",
          "key": "string",
          "region": "string"
        }
      ]
    },
    "lock_table_arn": {
      "value": "arn:aws:dynamodb:us-east-1:618889059366:table/ace-tests-back-front-tfstate-locks",
      "type": "string"
    },
    "lock_table_name": {
      "value": "ace-tests-back-front-tfstate-locks",
      "type": "string"
    },
    "state_bucket_arn": {
      "value": "arn:aws:s3:::ace-tests-back-front-tfstate",
      "type": "string"
    },
    "state_bucket_name": {
      "value": "ace-tests-back-front-tfstate",
      "type": "string"
    }
  },
  "resources": [
    {
      "mode": "managed",
      "type": "aws_dynamodb_table",
      "name": "terraform_locks",
      "provider": "provider[\"registry.terraform.io/hashicorp/aws\"]",
      "instances": [
        {
          "schema_version": 1,
          "attributes": {
            "arn": "arn:aws:dynamodb:us-east-1:618889059366:table/ace-tests-back-front-tfstate-locks",
            "attribute": [
              {
                "name": "LockID",
                "type": "S"
              }
            ],
            "billing_mode": "PAY_PER_REQUEST",
            "deletion_protection_enabled": false,
            "global_secondary_index": [],
            "hash_key": "LockID",
            "id": "ace-tests-back-front-tfstate-locks",
            "import_table": [],
            "local_secondary_index": [],
            "name": "ace-tests-back-front-tfstate-locks",
            "on_demand_throughput": [],
            "point_in_time_recovery": [
              {
                "enabled": false,
                "recovery_period_in_days": 0
              }
            ],
            "range_key": null,
            "read_capacity": 0,
            "replica": [],
            "restore_date_time": null,
            "restore_source_name": null,
            "restore_source_table_arn": null,
            "restore_to_latest_time": null,
            "server_side_encryption": [],
            "stream_arn": "",
            "stream_enabled": false,
            "stream_label": "",
            "stream_view_type": "",
            "table_class": "STANDARD",
            "tags": {
              "Environment": "admin",
              "Name": "Terraform State Lock Table",
              "Project": "ace-tests-back-front"
            },
            "tags_all": {
              "Environment": "admin",
              "Name": "Terraform State Lock Table",
              "Project": "ace-tests-back-front"
            },
            "timeouts": null,
            "ttl": [
              {
                "attribute_name": "",
                "enabled": false
              }
            ],
            "write_capacity": 0
          },
          "sensitive_attributes": [],
          "identity_schema_version": 0,
          "private": "eyJlMmJmYjczMC1lY2FhLTExZTYtOGY4OC0zNDM2M2JjN2M0YzAiOnsiY3JlYXRlIjoxODAwMDAwMDAwMDAwLCJkZWxldGUiOjYwMDAwMDAwMDAwMCwidXBkYXRlIjozNjAwMDAwMDAwMDAwfSwic2NoZW1hX3ZlcnNpb24iOiIxIn0="
        }
      ]
    },
    {
      "mode": "managed",
      "type": "aws_s3_bucket",
      "name": "terraform_state",
      "provider": "provider[\"registry.terraform.io/hashicorp/aws\"]",
      "instances": [
        {
          "schema_version": 0,
          "attributes": {
            "acceleration_status": "",
            "acl": null,
            "arn": "arn:aws:s3:::ace-tests-back-front-tfstate",
            "bucket": "ace-tests-back-front-tfstate",
            "bucket_domain_name": "ace-tests-back-front-tfstate.s3.amazonaws.com",
            "bucket_prefix": "",
            "bucket_regional_domain_name": "ace-tests-back-front-tfstate.s3.us-east-1.amazonaws.com",
            "cors_rule": [],
            "force_destroy": false,
            "grant": [
              {
                "id": "a90e49bade800e18f63301b0892ec1a0fded00c3fd944ca419b71071b419a143",
                "permissions": [
                  "FULL_CONTROL"
                ],
                "type": "CanonicalUser",
                "uri": ""
              }
            ],
            "hosted_zone_id": "Z3AQBSTGFYJSTF",
            "id": "ace-tests-back-front-tfstate",
            "lifecycle_rule": [],
            "logging": [],
            "object_lock_configuration": [],
            "object_lock_enabled": false,
            "policy": "",
            "region": "us-east-1",
            "replication_configuration": [],
            "request_payer": "BucketOwner",
            "server_side_encryption_configuration": [
              {
                "rule": [
                  {
                    "apply_server_side_encryption_by_default": [
                      {
                        "kms_master_key_id": "",
                        "sse_algorithm": "AES256"
                      }
                    ],
                    "bucket_key_enabled": false
                  }
                ]
              }
            ],
            "tags": {
              "Environment": "admin",
              "Name": "Terraform State Bucket",
              "Project": "ace-tests-back-front"
            },
            "tags_all": {
              "Environment": "admin",
              "Name": "Terraform State Bucket",
              "Project": "ace-tests-back-front"
            },
            "timeouts": null,
            "versioning": [
              {
                "enabled": false,
                "mfa_delete": false
              }
            ],
            "website": [],
            "website_domain": null,
            "website_endpoint": null
          },
          "sensitive_attributes": [],
          "identity_schema_version": 0,
          "private": "eyJlMmJmYjczMC1lY2FhLTExZTYtOGY4OC0zNDM2M2JjN2M0YzAiOnsiY3JlYXRlIjoxMjAwMDAwMDAwMDAwLCJkZWxldGUiOjM2MDAwMDAwMDAwMDAsInJlYWQiOjEyMDAwMDAwMDAwMDAsInVwZGF0ZSI6MTIwMDAwMDAwMDAwMH19"
        }
      ]
    },
    {
      "mode": "managed",
      "type": "aws_s3_bucket_public_access_block",
      "name": "terraform_state",
      "provider": "provider[\"registry.terraform.io/hashicorp/aws\"]",
      "instances": [
        {
          "schema_version": 0,
          "attributes": {
            "block_public_acls": true,
            "block_public_policy": true,
            "bucket": "ace-tests-back-front-tfstate",
            "id": "ace-tests-back-front-tfstate",
            "ignore_public_acls": true,
            "restrict_public_buckets": true
          },
          "sensitive_attributes": [],
          "identity_schema_version": 0,
          "private": "bnVsbA==",
          "dependencies": [
            "aws_s3_bucket.terraform_state"
          ]
        }
      ]
    },
    {
      "mode": "managed",
      "type": "aws_s3_bucket_server_side_encryption_configuration",
      "name": "terraform_state",
      "provider": "provider[\"registry.terraform.io/hashicorp/aws\"]",
      "instances": [
        {
          "schema_version": 0,
          "attributes": {
            "bucket": "ace-tests-back-front-tfstate",
            "expected_bucket_owner": "",
            "id": "ace-tests-back-front-tfstate",
            "rule": [
              {
                "apply_server_side_encryption_by_default": [
                  {
                    "kms_master_key_id": "",
                    "sse_algorithm": "AES256"
                  }
                ],
                "bucket_key_enabled": null
              }
            ]
          },
          "sensitive_attributes": [],
          "identity_schema_version": 0,
          "private": "bnVsbA==",
          "dependencies": [
            "aws_s3_bucket.terraform_state"
          ]
        }
      ]
    },
    {
      "mode": "managed",
      "type": "aws_s3_bucket_versioning",
      "name": "terraform_state",
      "provider": "provider[\"registry.terraform.io/hashicorp/aws\"]",
      "instances": [
        {
          "schema_version": 0,
          "attributes": {
            "bucket": "ace-tests-back-front-tfstate",
            "expected_bucket_owner": "",
            "id": "ace-tests-back-front-tfstate",
            "mfa": null,
            "versioning_configuration": [
              {
                "mfa_delete": "",
                "status": "Enabled"
              }
            ]
          },
          "sensitive_attributes": [],
          "identity_schema_version": 0,
          "private": "bnVsbA==",
          "dependencies": [
            "aws_s3_bucket.terraform_state"
          ]
        }
      ]
    }
  ],
  "check_results": null
}
